
Microsoft Visual Studio Solution File, Format Version 12.00
Project("{FAE04EC0-301F-11D3-BF4B-00C04F79EFBC}") = "Config", "Config\Config.csproj", "{9464734D-7883-4A45-A176-6E7801806082}"
EndProject
Global
	GlobalSection(SolutionConfigurationPlatforms) = preSolution
		Debug|Any CPU = Debug|Any CPU
		Release|Any CPU = Release|Any CPU
	EndGlobalSection
	GlobalSection(ProjectConfigurationPlatforms) = postSolution
		{9464734D-7883-4A45-A176-6E7801806082}.Debug|Any CPU.ActiveCfg = Debug|Any CPU
		{9464734D-7883-4A45-A176-6E7801806082}.Debug|Any CPU.Build.0 = Debug|Any CPU
		{9464734D-7883-4A45-A176-6E7801806082}.Release|Any CPU.ActiveCfg = Release|Any CPU
		{9464734D-7883-4A45-A176-6E7801806082}.Release|Any CPU.Build.0 = Release|Any CPU
	EndGlobalSection
EndGlobal
